
Microsoft Visual Studio Solution File, Format Version 12.00
Project("{FAE04EC0-301F-11D3-BF4B-00C04F79EFBC}") = "DevicesLogic", "src\DevicesLogic\DevicesLogic.csproj", "{CAC2260D-17E6-4CBE-9304-AFF66807BD08}"
EndProject
Project("{FAE04EC0-301F-11D3-BF4B-00C04F79EFBC}") = "DevicesWeb", "src\DevicesWeb\DevicesWeb.csproj", "{308B115C-7509-4FCB-A5F5-31575BF03FCB}"
EndProject
Project("{FAE04EC0-301F-11D3-BF4B-00C04F79EFBC}") = "Devices_DTOs", "src\Devices_DTOs\Devices_DTOs.csproj", "{D2CE68D3-E68B-446C-911F-E5053EBAD31A}"
EndProject
Project("{FAE04EC0-301F-11D3-BF4B-00C04F79EFBC}") = "DevicesRepository", "src\DevicesRepository\DevicesRepository.csproj", "{BA9E93AA-5AD3-4314-99F0-CA91C984D2C9}"
EndProject
Global
	GlobalSection(SolutionConfigurationPlatforms) = preSolution
		Debug|Any CPU = Debug|Any CPU
		Release|Any CPU = Release|Any CPU
	EndGlobalSection
	GlobalSection(ProjectConfigurationPlatforms) = postSolution
		{CAC2260D-17E6-4CBE-9304-AFF66807BD08}.Debug|Any CPU.ActiveCfg = Debug|Any CPU
		{CAC2260D-17E6-4CBE-9304-AFF66807BD08}.Debug|Any CPU.Build.0 = Debug|Any CPU
		{CAC2260D-17E6-4CBE-9304-AFF66807BD08}.Release|Any CPU.ActiveCfg = Release|Any CPU
		{CAC2260D-17E6-4CBE-9304-AFF66807BD08}.Release|Any CPU.Build.0 = Release|Any CPU
		{308B115C-7509-4FCB-A5F5-31575BF03FCB}.Debug|Any CPU.ActiveCfg = Debug|Any CPU
		{308B115C-7509-4FCB-A5F5-31575BF03FCB}.Debug|Any CPU.Build.0 = Debug|Any CPU
		{308B115C-7509-4FCB-A5F5-31575BF03FCB}.Release|Any CPU.ActiveCfg = Release|Any CPU
		{308B115C-7509-4FCB-A5F5-31575BF03FCB}.Release|Any CPU.Build.0 = Release|Any CPU
		{D2CE68D3-E68B-446C-911F-E5053EBAD31A}.Debug|Any CPU.ActiveCfg = Debug|Any CPU
		{D2CE68D3-E68B-446C-911F-E5053EBAD31A}.Debug|Any CPU.Build.0 = Debug|Any CPU
		{D2CE68D3-E68B-446C-911F-E5053EBAD31A}.Release|Any CPU.ActiveCfg = Release|Any CPU
		{D2CE68D3-E68B-446C-911F-E5053EBAD31A}.Release|Any CPU.Build.0 = Release|Any CPU
		{BA9E93AA-5AD3-4314-99F0-CA91C984D2C9}.Debug|Any CPU.ActiveCfg = Debug|Any CPU
		{BA9E93AA-5AD3-4314-99F0-CA91C984D2C9}.Debug|Any CPU.Build.0 = Debug|Any CPU
		{BA9E93AA-5AD3-4314-99F0-CA91C984D2C9}.Release|Any CPU.ActiveCfg = Release|Any CPU
		{BA9E93AA-5AD3-4314-99F0-CA91C984D2C9}.Release|Any CPU.Build.0 = Release|Any CPU
	EndGlobalSection
EndGlobal
